{
  "name": "ledgerguard-example-subscription-billing",
  "version": "0.1.0",
  "lockfileVersion": 3,
  "requires": true,
  "packages": {
    "": {
      "name": "ledgerguard-example-subscription-billing",
      "version": "0.1.0",
      "dependencies": {
        "@ledgerguard1/sdk": "^0.1.0"
      }
    },
    "node_modules/@ledgerguard1/sdk": {
      "version": "0.1.0",
      "resolved": "https://registry.npmjs.org/@ledgerguard1/sdk/-/sdk-0.1.0.tgz",
      "integrity": "sha512-msbSeovF3Ofcv59Zm5Je/TnZ916kBvO3Tm8SA/4AddpiF1vzqowTWMCwoLfdMpCGfTcCxtRja/Ihi9+56eHdxg==",
      "license": "MIT",
      "engines": {
        "node": ">=20"
      }
    }
  }
}
